
Microsoft Visual Studio Solution File, Format Version 12.00
# Visual Studio Version 16
VisualStudioVersion = 16.0.34407.143
MinimumVisualStudioVersion = 10.0.40219.1
Project("{FAE04EC0-301F-11D3-BF4B-00C04F79EFBC}") = "Lab Sheet 5 Q2", "Lab Sheet 5 Q2\Lab Sheet 5 Q2.csproj", "{43375ED6-E838-4A9D-8B71-D06D576DD0F9}"
EndProject
Global
	GlobalSection(SolutionConfigurationPlatforms) = preSolution
		Debug|Any CPU = Debug|Any CPU
		Release|Any CPU = Release|Any CPU
	EndGlobalSection
	GlobalSection(ProjectConfigurationPlatforms) = postSolution
		{43375ED6-E838-4A9D-8B71-D06D576DD0F9}.Debug|Any CPU.ActiveCfg = Debug|Any CPU
		{43375ED6-E838-4A9D-8B71-D06D576DD0F9}.Debug|Any CPU.Build.0 = Debug|Any CPU
		{43375ED6-E838-4A9D-8B71-D06D576DD0F9}.Release|Any CPU.ActiveCfg = Release|Any CPU
		{43375ED6-E838-4A9D-8B71-D06D576DD0F9}.Release|Any CPU.Build.0 = Release|Any CPU
	EndGlobalSection
	GlobalSection(SolutionProperties) = preSolution
		HideSolutionNode = FALSE
	EndGlobalSection
	GlobalSection(ExtensibilityGlobals) = postSolution
		SolutionGuid = {5DE93324-E3D4-48B0-B235-6FB50DA42373}
	EndGlobalSection
EndGlobal
